
Microsoft Visual Studio Solution File, Format Version 12.00
# Visual Studio Version 17
VisualStudioVersion = 17.10.34916.146
MinimumVisualStudioVersion = 10.0.40219.1
Project("{FAE04EC0-301F-11D3-BF4B-00C04F79EFBC}") = "DAL", "DAL\DAL.csproj", "{CA752E07-89EF-4824-8075-E639726AB750}"
EndProject
Project("{FAE04EC0-301F-11D3-BF4B-00C04F79EFBC}") = "BLL", "BLL\BLL.csproj", "{EDA2B0E5-680C-4880-9434-963E5BF2C16D}"
EndProject
Project("{FAE04EC0-301F-11D3-BF4B-00C04F79EFBC}") = "PL", "PL\PL.csproj", "{3BF78382-1916-4F18-BF0D-B54C25CFD926}"
EndProject
Global
	GlobalSection(SolutionConfigurationPlatforms) = preSolution
		Debug|Any CPU = Debug|Any CPU
		Release|Any CPU = Release|Any CPU
	EndGlobalSection
	GlobalSection(ProjectConfigurationPlatforms) = postSolution
		{CA752E07-89EF-4824-8075-E639726AB750}.Debug|Any CPU.ActiveCfg = Debug|Any CPU
		{CA752E07-89EF-4824-8075-E639726AB750}.Debug|Any CPU.Build.0 = Debug|Any CPU
		{CA752E07-89EF-4824-8075-E639726AB750}.Release|Any CPU.ActiveCfg = Release|Any CPU
		{CA752E07-89EF-4824-8075-E639726AB750}.Release|Any CPU.Build.0 = Release|Any CPU
		{EDA2B0E5-680C-4880-9434-963E5BF2C16D}.Debug|Any CPU.ActiveCfg = Debug|Any CPU
		{EDA2B0E5-680C-4880-9434-963E5BF2C16D}.Debug|Any CPU.Build.0 = Debug|Any CPU
		{EDA2B0E5-680C-4880-9434-963E5BF2C16D}.Release|Any CPU.ActiveCfg = Release|Any CPU
		{EDA2B0E5-680C-4880-9434-963E5BF2C16D}.Release|Any CPU.Build.0 = Release|Any CPU
		{3BF78382-1916-4F18-BF0D-B54C25CFD926}.Debug|Any CPU.ActiveCfg = Debug|Any CPU
		{3BF78382-1916-4F18-BF0D-B54C25CFD926}.Debug|Any CPU.Build.0 = Debug|Any CPU
		{3BF78382-1916-4F18-BF0D-B54C25CFD926}.Release|Any CPU.ActiveCfg = Release|Any CPU
		{3BF78382-1916-4F18-BF0D-B54C25CFD926}.Release|Any CPU.Build.0 = Release|Any CPU
	EndGlobalSection
	GlobalSection(SolutionProperties) = preSolution
		HideSolutionNode = FALSE
	EndGlobalSection
	GlobalSection(ExtensibilityGlobals) = postSolution
		SolutionGuid = {586293BA-B050-46F1-BE66-900B527F5389}
	EndGlobalSection
EndGlobal
